
Microsoft Visual Studio Solution File, Format Version 12.00
# Visual Studio 2013
VisualStudioVersion = 12.0.21005.1
MinimumVisualStudioVersion = 10.0.40219.1
Project("{FAE04EC0-301F-11D3-BF4B-00C04F79EFBC}") = "CSharpWebServer", "CSharpWebServer\CSharpWebServer.csproj", "{B0192DF3-5EB4-4511-AA84-AE93F30E7CB9}"
EndProject
Project("{FAE04EC0-301F-11D3-BF4B-00C04F79EFBC}") = "ConsoleTest", "ConsoleTest\ConsoleTest.csproj", "{B8F01481-A746-4534-BF46-0688E8BE4F12}"
EndProject
Project("{E24C65DC-7377-472B-9ABA-BC803B73C61A}") = "CSharpWebServerClient(1)", "http://localhost:41646", "{4EA9E38F-3D56-4BDC-96F3-26684C09AB2F}"
	ProjectSection(WebsiteProperties) = preProject
		UseIISExpress = "true"
		TargetFrameworkMoniker = ".NETFramework,Version%3Dv4.0"
		ProjectReferences = "{b0192df3-5eb4-4511-aa84-ae93f30e7cb9}|CSharpWebServer.dll;"
		Debug.AspNetCompiler.VirtualPath = "/localhost_41646"
		Debug.AspNetCompiler.PhysicalPath = "CSharpWebServerClient\"
		Debug.AspNetCompiler.TargetPath = "PrecompiledWeb\localhost_41646\"
		Debug.AspNetCompiler.Updateable = "true"
		Debug.AspNetCompiler.ForceOverwrite = "true"
		Debug.AspNetCompiler.FixedNames = "false"
		Debug.AspNetCompiler.Debug = "True"
		Release.AspNetCompiler.VirtualPath = "/localhost_41646"
		Release.AspNetCompiler.PhysicalPath = "CSharpWebServerClient\"
		Release.AspNetCompiler.TargetPath = "PrecompiledWeb\localhost_41646\"
		Release.AspNetCompiler.Updateable = "true"
		Release.AspNetCompiler.ForceOverwrite = "true"
		Release.AspNetCompiler.FixedNames = "false"
		Release.AspNetCompiler.Debug = "False"
		SlnRelativePath = "CSharpWebServerClient\"
	EndProjectSection
EndProject
Project("{FAE04EC0-301F-11D3-BF4B-00C04F79EFBC}") = "RESTfulWebService", "RESTfulWebService\RESTfulWebService.csproj", "{15811A9C-611A-4BF0-89D0-A40D0ECA3457}"
EndProject
Project("{FAE04EC0-301F-11D3-BF4B-00C04F79EFBC}") = "CSharpClientTestApp", "CSharpClientTestApp\CSharpClientTestApp.csproj", "{542FFED1-0853-488B-BBAA-5F38A92C2FD8}"
EndProject
Global
	GlobalSection(SolutionConfigurationPlatforms) = preSolution
		Debug|Any CPU = Debug|Any CPU
		Release|Any CPU = Release|Any CPU
	EndGlobalSection
	GlobalSection(ProjectConfigurationPlatforms) = postSolution
		{B0192DF3-5EB4-4511-AA84-AE93F30E7CB9}.Debug|Any CPU.ActiveCfg = Debug|Any CPU
		{B0192DF3-5EB4-4511-AA84-AE93F30E7CB9}.Debug|Any CPU.Build.0 = Debug|Any CPU
		{B0192DF3-5EB4-4511-AA84-AE93F30E7CB9}.Release|Any CPU.ActiveCfg = Release|Any CPU
		{B0192DF3-5EB4-4511-AA84-AE93F30E7CB9}.Release|Any CPU.Build.0 = Release|Any CPU
		{B8F01481-A746-4534-BF46-0688E8BE4F12}.Debug|Any CPU.ActiveCfg = Debug|Any CPU
		{B8F01481-A746-4534-BF46-0688E8BE4F12}.Debug|Any CPU.Build.0 = Debug|Any CPU
		{B8F01481-A746-4534-BF46-0688E8BE4F12}.Release|Any CPU.ActiveCfg = Release|Any CPU
		{B8F01481-A746-4534-BF46-0688E8BE4F12}.Release|Any CPU.Build.0 = Release|Any CPU
		{4EA9E38F-3D56-4BDC-96F3-26684C09AB2F}.Debug|Any CPU.ActiveCfg = Debug|Any CPU
		{4EA9E38F-3D56-4BDC-96F3-26684C09AB2F}.Debug|Any CPU.Build.0 = Debug|Any CPU
		{4EA9E38F-3D56-4BDC-96F3-26684C09AB2F}.Release|Any CPU.ActiveCfg = Debug|Any CPU
		{4EA9E38F-3D56-4BDC-96F3-26684C09AB2F}.Release|Any CPU.Build.0 = Debug|Any CPU
		{15811A9C-611A-4BF0-89D0-A40D0ECA3457}.Debug|Any CPU.ActiveCfg = Debug|Any CPU
		{15811A9C-611A-4BF0-89D0-A40D0ECA3457}.Debug|Any CPU.Build.0 = Debug|Any CPU
		{15811A9C-611A-4BF0-89D0-A40D0ECA3457}.Release|Any CPU.ActiveCfg = Release|Any CPU
		{15811A9C-611A-4BF0-89D0-A40D0ECA3457}.Release|Any CPU.Build.0 = Release|Any CPU
		{542FFED1-0853-488B-BBAA-5F38A92C2FD8}.Debug|Any CPU.ActiveCfg = Debug|Any CPU
		{542FFED1-0853-488B-BBAA-5F38A92C2FD8}.Debug|Any CPU.Build.0 = Debug|Any CPU
		{542FFED1-0853-488B-BBAA-5F38A92C2FD8}.Release|Any CPU.ActiveCfg = Release|Any CPU
		{542FFED1-0853-488B-BBAA-5F38A92C2FD8}.Release|Any CPU.Build.0 = Release|Any CPU
	EndGlobalSection
	GlobalSection(SolutionProperties) = preSolution
		HideSolutionNode = FALSE
	EndGlobalSection
EndGlobal
